
Microsoft Visual Studio Solution File, Format Version 12.00
# Visual Studio Version 17
VisualStudioVersion = 17.11.35222.181
MinimumVisualStudioVersion = 10.0.40219.1
Project("{9A19103F-16F7-4668-BE54-9A1E7A4F7556}") = "ClassLibraryDeliteli", "ClassLibraryDeliteli\ClassLibraryDeliteli.csproj", "{58ED485B-43D2-4D6E-812A-AF46D313343A}"
EndProject
Project("{FAE04EC0-301F-11D3-BF4B-00C04F79EFBC}") = "ConsoleAppDeliteli", "ConsoleAppDeliteli\ConsoleAppDeliteli.csproj", "{970AAB56-6DD0-41E9-8F43-9809545842DB}"
EndProject
Project("{FAE04EC0-301F-11D3-BF4B-00C04F79EFBC}") = "WinFormsAppDivisors", "WinFormsAppDivisors\WinFormsAppDivisors.csproj", "{FE13C62A-8570-4122-B7C8-5C5291C67E52}"
EndProject
Global
	GlobalSection(SolutionConfigurationPlatforms) = preSolution
		Debug|Any CPU = Debug|Any CPU
		Release|Any CPU = Release|Any CPU
	EndGlobalSection
	GlobalSection(ProjectConfigurationPlatforms) = postSolution
		{58ED485B-43D2-4D6E-812A-AF46D313343A}.Debug|Any CPU.ActiveCfg = Debug|Any CPU
		{58ED485B-43D2-4D6E-812A-AF46D313343A}.Debug|Any CPU.Build.0 = Debug|Any CPU
		{58ED485B-43D2-4D6E-812A-AF46D313343A}.Release|Any CPU.ActiveCfg = Release|Any CPU
		{58ED485B-43D2-4D6E-812A-AF46D313343A}.Release|Any CPU.Build.0 = Release|Any CPU
		{970AAB56-6DD0-41E9-8F43-9809545842DB}.Debug|Any CPU.ActiveCfg = Debug|Any CPU
		{970AAB56-6DD0-41E9-8F43-9809545842DB}.Debug|Any CPU.Build.0 = Debug|Any CPU
		{970AAB56-6DD0-41E9-8F43-9809545842DB}.Release|Any CPU.ActiveCfg = Release|Any CPU
		{970AAB56-6DD0-41E9-8F43-9809545842DB}.Release|Any CPU.Build.0 = Release|Any CPU
		{FE13C62A-8570-4122-B7C8-5C5291C67E52}.Debug|Any CPU.ActiveCfg = Debug|Any CPU
		{FE13C62A-8570-4122-B7C8-5C5291C67E52}.Debug|Any CPU.Build.0 = Debug|Any CPU
		{FE13C62A-8570-4122-B7C8-5C5291C67E52}.Release|Any CPU.ActiveCfg = Release|Any CPU
		{FE13C62A-8570-4122-B7C8-5C5291C67E52}.Release|Any CPU.Build.0 = Release|Any CPU
	EndGlobalSection
	GlobalSection(SolutionProperties) = preSolution
		HideSolutionNode = FALSE
	EndGlobalSection
	GlobalSection(ExtensibilityGlobals) = postSolution
		SolutionGuid = {65078B50-E59A-4544-A89D-8A680EA87801}
	EndGlobalSection
EndGlobal
